github.com/go-chi/chi v1.5.0 h1:2ZcJZozJ+rj6BA0c19ffBUGXEKAT/aOLOtQjD46vBRA=
github.com/go-chi/chi v1.5.0/go.mod h1:REp24E+25iKvxgeTfHmdUoL5x15kBiDBlnIl5bCwe2k=
github.com/go-chi/cors v1.1.1 h1:eHuqxsIw89iXcWnWUN8R72JMibABJTN/4IOYI5WERvw=
github.com/go-chi/cors v1.1.1/go.mod h1:K2Yje0VW/SJzxiyMYu6iPQYa7hMjQX2i/F491VChg1I=
github.com/mattn/go-oci8 v0.1.0 h1:HnmdOy+/cLPN43obUokKka4hRE4b7Hp3U3E0fs1clp8=
github.com/mattn/go-oci8 v0.1.0/go.mod h1:wjDx6Xm9q7dFtHJvIlrI99JytznLw5wQ4R+9mNXJwGI=
